
Microsoft Visual Studio Solution File, Format Version 12.00
# Visual Studio Version 17
VisualStudioVersion = 17.1.32210.238
MinimumVisualStudioVersion = 10.0.40219.1
Project("{FAE04EC0-301F-11D3-BF4B-00C04F79EFBC}") = "MobileChat.Android", "MobileChat\MobileChat.Android\MobileChat.Android.csproj", "{92E24CEE-8B18-449F-9486-6D7568F52000}"
EndProject
Project("{9A19103F-16F7-4668-BE54-9A1E7A4F7556}") = "MobileChat", "MobileChat\MobileChat\MobileChat.csproj", "{5ABB15F8-E633-47E6-B719-12CFFED97F3B}"
EndProject
Global
	GlobalSection(SolutionConfigurationPlatforms) = preSolution
		Debug|Any CPU = Debug|Any CPU
		Debug|iPhone = Debug|iPhone
		Debug|iPhoneSimulator = Debug|iPhoneSimulator
		Release|Any CPU = Release|Any CPU
		Release|iPhone = Release|iPhone
		Release|iPhoneSimulator = Release|iPhoneSimulator
	EndGlobalSection
	GlobalSection(ProjectConfigurationPlatforms) = postSolution
		{92E24CEE-8B18-449F-9486-6D7568F52000}.Debug|Any CPU.ActiveCfg = Debug|Any CPU
		{92E24CEE-8B18-449F-9486-6D7568F52000}.Debug|Any CPU.Build.0 = Debug|Any CPU
		{92E24CEE-8B18-449F-9486-6D7568F52000}.Debug|Any CPU.Deploy.0 = Debug|Any CPU
		{92E24CEE-8B18-449F-9486-6D7568F52000}.Debug|iPhone.ActiveCfg = Debug|Any CPU
		{92E24CEE-8B18-449F-9486-6D7568F52000}.Debug|iPhone.Build.0 = Debug|Any CPU
		{92E24CEE-8B18-449F-9486-6D7568F52000}.Debug|iPhone.Deploy.0 = Debug|Any CPU
		{92E24CEE-8B18-449F-9486-6D7568F52000}.Debug|iPhoneSimulator.ActiveCfg = Debug|Any CPU
		{92E24CEE-8B18-449F-9486-6D7568F52000}.Debug|iPhoneSimulator.Build.0 = Debug|Any CPU
		{92E24CEE-8B18-449F-9486-6D7568F52000}.Debug|iPhoneSimulator.Deploy.0 = Debug|Any CPU
		{92E24CEE-8B18-449F-9486-6D7568F52000}.Release|Any CPU.ActiveCfg = Release|Any CPU
		{92E24CEE-8B18-449F-9486-6D7568F52000}.Release|Any CPU.Build.0 = Release|Any CPU
		{92E24CEE-8B18-449F-9486-6D7568F52000}.Release|Any CPU.Deploy.0 = Release|Any CPU
		{92E24CEE-8B18-449F-9486-6D7568F52000}.Release|iPhone.ActiveCfg = Release|Any CPU
		{92E24CEE-8B18-449F-9486-6D7568F52000}.Release|iPhone.Build.0 = Release|Any CPU
		{92E24CEE-8B18-449F-9486-6D7568F52000}.Release|iPhone.Deploy.0 = Release|Any CPU
		{92E24CEE-8B18-449F-9486-6D7568F52000}.Release|iPhoneSimulator.ActiveCfg = Release|Any CPU
		{92E24CEE-8B18-449F-9486-6D7568F52000}.Release|iPhoneSimulator.Build.0 = Release|Any CPU
		{92E24CEE-8B18-449F-9486-6D7568F52000}.Release|iPhoneSimulator.Deploy.0 = Release|Any CPU
		{5ABB15F8-E633-47E6-B719-12CFFED97F3B}.Debug|Any CPU.ActiveCfg = Debug|Any CPU
		{5ABB15F8-E633-47E6-B719-12CFFED97F3B}.Debug|Any CPU.Build.0 = Debug|Any CPU
		{5ABB15F8-E633-47E6-B719-12CFFED97F3B}.Debug|Any CPU.Deploy.0 = Debug|Any CPU
		{5ABB15F8-E633-47E6-B719-12CFFED97F3B}.Debug|iPhone.ActiveCfg = Debug|Any CPU
		{5ABB15F8-E633-47E6-B719-12CFFED97F3B}.Debug|iPhone.Build.0 = Debug|Any CPU
		{5ABB15F8-E633-47E6-B719-12CFFED97F3B}.Debug|iPhone.Deploy.0 = Debug|Any CPU
		{5ABB15F8-E633-47E6-B719-12CFFED97F3B}.Debug|iPhoneSimulator.ActiveCfg = Debug|Any CPU
		{5ABB15F8-E633-47E6-B719-12CFFED97F3B}.Debug|iPhoneSimulator.Build.0 = Debug|Any CPU
		{5ABB15F8-E633-47E6-B719-12CFFED97F3B}.Debug|iPhoneSimulator.Deploy.0 = Debug|Any CPU
		{5ABB15F8-E633-47E6-B719-12CFFED97F3B}.Release|Any CPU.ActiveCfg = Release|Any CPU
		{5ABB15F8-E633-47E6-B719-12CFFED97F3B}.Release|Any CPU.Build.0 = Release|Any CPU
		{5ABB15F8-E633-47E6-B719-12CFFED97F3B}.Release|Any CPU.Deploy.0 = Release|Any CPU
		{5ABB15F8-E633-47E6-B719-12CFFED97F3B}.Release|iPhone.ActiveCfg = Release|Any CPU
		{5ABB15F8-E633-47E6-B719-12CFFED97F3B}.Release|iPhone.Build.0 = Release|Any CPU
		{5ABB15F8-E633-47E6-B719-12CFFED97F3B}.Release|iPhone.Deploy.0 = Release|Any CPU
		{5ABB15F8-E633-47E6-B719-12CFFED97F3B}.Release|iPhoneSimulator.ActiveCfg = Release|Any CPU
		{5ABB15F8-E633-47E6-B719-12CFFED97F3B}.Release|iPhoneSimulator.Build.0 = Release|Any CPU
		{5ABB15F8-E633-47E6-B719-12CFFED97F3B}.Release|iPhoneSimulator.Deploy.0 = Release|Any CPU
	EndGlobalSection
	GlobalSection(SolutionProperties) = preSolution
		HideSolutionNode = FALSE
	EndGlobalSection
	GlobalSection(ExtensibilityGlobals) = postSolution
		SolutionGuid = {8B46294D-0088-4F90-8E71-EB7D82363CCD}
	EndGlobalSection
EndGlobal
